Microsoft Visual Studio Solution File, Format Version 12.00
# Visual Studio Version 17
VisualStudioVersion = 17.5.2.0
MinimumVisualStudioVersion = 10.0.40219.1
Project("{2150E333-8FDC-42A3-9474-1A3956D46DE8}") = "src", "src", "{827E0CD3-B72D-47B6-A68D-7590B98EB39B}"
EndProject
Project("{FAE04EC0-301F-11D3-BF4B-00C04F79EFBC}") = "KLP.Core", "KLP.Core\KLP.Core.csproj", "{A154DFB2-FC19-8FDF-17D5-C3B2C9578A9C}"
EndProject
Project("{FAE04EC0-301F-11D3-BF4B-00C04F79EFBC}") = "KLP.CLI", "KLP.CLI\KLP.CLI.csproj", "{2DB9AB1C-A21F-FE9C-D65E-F386846A1C66}"
EndProject
Project("{FAE04EC0-301F-11D3-BF4B-00C04F79EFBC}") = "KLP.Packager", "KLP.Packager\KLP.Packager.csproj", "{654A697F-DE2D-C925-F34E-CA34C925763F}"
EndProject
Project("{FAE04EC0-301F-11D3-BF4B-00C04F79EFBC}") = "KLP.SystemIntegration", "KLP.SystemIntegration\KLP.SystemIntegration.csproj", "{A95BBA96-2301-12A6-0215-941244F5DB7A}"
EndProject
Global
	GlobalSection(SolutionConfigurationPlatforms) = preSolution
		Debug|Any CPU = Debug|Any CPU
		Release|Any CPU = Release|Any CPU
	EndGlobalSection
	GlobalSection(ProjectConfigurationPlatforms) = postSolution
		{A154DFB2-FC19-8FDF-17D5-C3B2C9578A9C}.Debug|Any CPU.ActiveCfg = Debug|Any CPU
		{A154DFB2-FC19-8FDF-17D5-C3B2C9578A9C}.Debug|Any CPU.Build.0 = Debug|Any CPU
		{A154DFB2-FC19-8FDF-17D5-C3B2C9578A9C}.Release|Any CPU.ActiveCfg = Release|Any CPU
		{A154DFB2-FC19-8FDF-17D5-C3B2C9578A9C}.Release|Any CPU.Build.0 = Release|Any CPU
		{2DB9AB1C-A21F-FE9C-D65E-F386846A1C66}.Debug|Any CPU.ActiveCfg = Debug|Any CPU
		{2DB9AB1C-A21F-FE9C-D65E-F386846A1C66}.Debug|Any CPU.Build.0 = Debug|Any CPU
		{2DB9AB1C-A21F-FE9C-D65E-F386846A1C66}.Release|Any CPU.ActiveCfg = Release|Any CPU
		{2DB9AB1C-A21F-FE9C-D65E-F386846A1C66}.Release|Any CPU.Build.0 = Release|Any CPU
		{654A697F-DE2D-C925-F34E-CA34C925763F}.Debug|Any CPU.ActiveCfg = Debug|Any CPU
		{654A697F-DE2D-C925-F34E-CA34C925763F}.Debug|Any CPU.Build.0 = Debug|Any CPU
		{654A697F-DE2D-C925-F34E-CA34C925763F}.Release|Any CPU.ActiveCfg = Release|Any CPU
		{654A697F-DE2D-C925-F34E-CA34C925763F}.Release|Any CPU.Build.0 = Release|Any CPU
		{66F1BD6B-EA8F-755F-4C73-67065A900F38}.Debug|Any CPU.ActiveCfg = Debug|Any CPU
		{66F1BD6B-EA8F-755F-4C73-67065A900F38}.Debug|Any CPU.Build.0 = Debug|Any CPU
		{66F1BD6B-EA8F-755F-4C73-67065A900F38}.Release|Any CPU.ActiveCfg = Release|Any CPU
		{66F1BD6B-EA8F-755F-4C73-67065A900F38}.Release|Any CPU.Build.0 = Release|Any CPU
		{A95BBA96-2301-12A6-0215-941244F5DB7A}.Debug|Any CPU.ActiveCfg = Debug|Any CPU
		{A95BBA96-2301-12A6-0215-941244F5DB7A}.Debug|Any CPU.Build.0 = Debug|Any CPU
		{A95BBA96-2301-12A6-0215-941244F5DB7A}.Release|Any CPU.ActiveCfg = Release|Any CPU
		{A95BBA96-2301-12A6-0215-941244F5DB7A}.Release|Any CPU.Build.0 = Release|Any CPU
	EndGlobalSection
	GlobalSection(SolutionProperties) = preSolution
		HideSolutionNode = FALSE
	EndGlobalSection
	GlobalSection(NestedProjects) = preSolution
		{A154DFB2-FC19-8FDF-17D5-C3B2C9578A9C} = {827E0CD3-B72D-47B6-A68D-7590B98EB39B}
		{2DB9AB1C-A21F-FE9C-D65E-F386846A1C66} = {827E0CD3-B72D-47B6-A68D-7590B98EB39B}
		{654A697F-DE2D-C925-F34E-CA34C925763F} = {827E0CD3-B72D-47B6-A68D-7590B98EB39B}
		{66F1BD6B-EA8F-755F-4C73-67065A900F38} = {827E0CD3-B72D-47B6-A68D-7590B98EB39B}
		{A95BBA96-2301-12A6-0215-941244F5DB7A} = {827E0CD3-B72D-47B6-A68D-7590B98EB39B}
	EndGlobalSection
	GlobalSection(ExtensibilityGlobals) = postSolution
		SolutionGuid = {0C787862-4733-464F-A4A9-F8CA343BA336}
	EndGlobalSection
EndGlobal
